
Microsoft Visual Studio Solution File, Format Version 12.00
# Visual Studio Version 16
VisualStudioVersion = 16.0.29509.3
MinimumVisualStudioVersion = 10.0.40219.1
Project("{FAE04EC0-301F-11D3-BF4B-00C04F79EFBC}") = "ConsoleApp4", "ConsoleApp4\ConsoleApp4.csproj", "{2A246D58-D7AD-4386-AD31-1E729001621B}"
EndProject
Global
	GlobalSection(SolutionConfigurationPlatforms) = preSolution
		Debug|Any CPU = Debug|Any CPU
		Release|Any CPU = Release|Any CPU
	EndGlobalSection
	GlobalSection(ProjectConfigurationPlatforms) = postSolution
		{2A246D58-D7AD-4386-AD31-1E729001621B}.Debug|Any CPU.ActiveCfg = Debug|Any CPU
		{2A246D58-D7AD-4386-AD31-1E729001621B}.Debug|Any CPU.Build.0 = Debug|Any CPU
		{2A246D58-D7AD-4386-AD31-1E729001621B}.Release|Any CPU.ActiveCfg = Release|Any CPU
		{2A246D58-D7AD-4386-AD31-1E729001621B}.Release|Any CPU.Build.0 = Release|Any CPU
	EndGlobalSection
	GlobalSection(SolutionProperties) = preSolution
		HideSolutionNode = FALSE
	EndGlobalSection
	GlobalSection(ExtensibilityGlobals) = postSolution
		SolutionGuid = {E13F6315-75A0-424D-9B08-58D3875A5672}
	EndGlobalSection
EndGlobal
